
Microsoft Visual Studio Solution File, Format Version 12.00
# Visual Studio Version 16
VisualStudioVersion = 16.0.809.0
MinimumVisualStudioVersion = 10.0.40219.1
Project("{FAE04EC0-301F-11D3-BF4B-00C04F79EFBC}") = "itSTEP_6", "itSTEP_6\itSTEP_6.csproj", "{59EA1352-99BF-43AC-853C-279104624DE1}"
EndProject
Project("{FAE04EC0-301F-11D3-BF4B-00C04F79EFBC}") = "WorldOfTanks", "WorldOfTanks\WorldOfTanks.csproj", "{42D4A4E4-7CFF-423E-AF89-18A9CB715866}"
EndProject
Global
	GlobalSection(SolutionConfigurationPlatforms) = preSolution
		Debug|Any CPU = Debug|Any CPU
		Release|Any CPU = Release|Any CPU
	EndGlobalSection
	GlobalSection(ProjectConfigurationPlatforms) = postSolution
		{59EA1352-99BF-43AC-853C-279104624DE1}.Debug|Any CPU.ActiveCfg = Debug|Any CPU
		{59EA1352-99BF-43AC-853C-279104624DE1}.Debug|Any CPU.Build.0 = Debug|Any CPU
		{59EA1352-99BF-43AC-853C-279104624DE1}.Release|Any CPU.ActiveCfg = Release|Any CPU
		{59EA1352-99BF-43AC-853C-279104624DE1}.Release|Any CPU.Build.0 = Release|Any CPU
		{42D4A4E4-7CFF-423E-AF89-18A9CB715866}.Debug|Any CPU.ActiveCfg = Debug|Any CPU
		{42D4A4E4-7CFF-423E-AF89-18A9CB715866}.Debug|Any CPU.Build.0 = Debug|Any CPU
		{42D4A4E4-7CFF-423E-AF89-18A9CB715866}.Release|Any CPU.ActiveCfg = Release|Any CPU
		{42D4A4E4-7CFF-423E-AF89-18A9CB715866}.Release|Any CPU.Build.0 = Release|Any CPU
	EndGlobalSection
	GlobalSection(SolutionProperties) = preSolution
		HideSolutionNode = FALSE
	EndGlobalSection
	GlobalSection(ExtensibilityGlobals) = postSolution
		SolutionGuid = {716147FE-018E-4721-AAA2-508958CFBEA8}
	EndGlobalSection
EndGlobal
